
Microsoft Visual Studio Solution File, Format Version 12.00
# Visual Studio Version 17
VisualStudioVersion = 17.12.35707.178
MinimumVisualStudioVersion = 10.0.40219.1
Project("{FAE04EC0-301F-11D3-BF4B-00C04F79EFBC}") = "TranslationsLibary", "TranslationsLibary\TranslationsLibary.csproj", "{692440EF-4033-42DC-AD10-7099B69CDE9D}"
EndProject
Global
	GlobalSection(SolutionConfigurationPlatforms) = preSolution
		Debug|Any CPU = Debug|Any CPU
		Release|Any CPU = Release|Any CPU
	EndGlobalSection
	GlobalSection(ProjectConfigurationPlatforms) = postSolution
		{692440EF-4033-42DC-AD10-7099B69CDE9D}.Debug|Any CPU.ActiveCfg = Debug|Any CPU
		{692440EF-4033-42DC-AD10-7099B69CDE9D}.Debug|Any CPU.Build.0 = Debug|Any CPU
		{692440EF-4033-42DC-AD10-7099B69CDE9D}.Release|Any CPU.ActiveCfg = Release|Any CPU
		{692440EF-4033-42DC-AD10-7099B69CDE9D}.Release|Any CPU.Build.0 = Release|Any CPU
	EndGlobalSection
	GlobalSection(SolutionProperties) = preSolution
		HideSolutionNode = FALSE
	EndGlobalSection
	GlobalSection(ExtensibilityGlobals) = postSolution
		SolutionGuid = {941C7B7C-E458-4556-B157-39DE5D78BC34}
	EndGlobalSection
EndGlobal
